{
  "version": 4,
  "terraform_version": "0.12.13",
  "serial": 19,
  "lineage": "e5ac7caf-32cf-dac1-1555-38b5ab5d40f7",
  "outputs": {
    "config_map_aws_auth": {
      "value": "\n\napiVersion: v1\nkind: ConfigMap\nmetadata:\n  name: aws-auth\n  namespace: kube-system\ndata:\n  mapRoles: |\n    - rolearn: arn:aws:iam::067819342479:role/terraform-eks-demo-node\n      username: system:node:{{EC2PrivateDNSName}}\n      groups:\n        - system:bootstrappers\n        - system:nodes\n",
      "type": "string"
    },
    "kubeconfig": {
      "value": "\n\napiVersion: v1\nclusters:\n- cluster:\n    server: https://BA6EC82B413878175A281F16B7FFEA96.gr7.us-west-2.eks.amazonaws.com\n    certificate-authority-data: LS0tLS1CRUdJTiBDRVJUSUZJQ0FURS0tLS0tCk1JSUN5RENDQWJDZ0F3SUJBZ0lCQURBTkJna3Foa2lHOXcwQkFRc0ZBREFWTVJNd0VRWURWUVFERXdwcmRXSmwKY201bGRHVnpNQjRYRFRFNU1URXhPREl5TVRJd09Wb1hEVEk1TVRFeE5USXlNVEl3T1Zvd0ZURVRNQkVHQTFVRQpBeE1LYTNWaVpYSnVaWFJsY3pDQ0FTSXdEUVlKS29aSWh2Y05BUUVCQlFBRGdnRVBBRENDQVFvQ2dnRUJBTE42ClltelRGUmJjTmdBaENWRWRuTGllZ3A1amJITnoyMFhRQWNKVmorSXZqeTFHdG1Ubi9pWGxCMTVWWVFsNS9vYW0KTS84NTNZZ1NkL2k4akNLaWw4Z2hFVVgvaUlPWGJFWkFjNmx6R0Z1eGhiTkg3dGhFM25PdVhjaUpONlhrRjJuNQpPQnAyWXhGeHJxR2x5V1NtbVd0Z2s2V3pUUGE3Y3A4MGhkK1RVQUdnWkRyYnY4U1NjeXdscWdneDEyVlg1RU9zCnRjWThkSG5JYjU3N3FJTEZ4Q3RucUhEb2Q0UFdCWGIzaWV2Z3ZlOG5YOUpra0xxeE5La1loTGRoNytQZDZRaVkKMFQ5UXhVbThjWjJsM2FxMHRSMnkyaTFsOGFUTndHL3Bybi9lN0tFZWxKYWxMWVJGRWk3OXk2bVJiMDlhS0xTbgpNUnRkdW5NRWVvT2VBZmRhbks4Q0F3RUFBYU1qTUNFd0RnWURWUjBQQVFIL0JBUURBZ0trTUE4R0ExVWRFd0VCCi93UUZNQU1CQWY4d0RRWUpLb1pJaHZjTkFRRUxCUUFEZ2dFQkFGR1JIUnp4Zk5RUm5nWGtnUG5tK0tUK1hzYy8KZUwxQmgzTTAzb2l6UmFxZjFNVTVJN2YwSGNMNTFkUG9FNkxsaTVJaDgrZWVrSFFGQzk2V2Q5RzY5SmdSeW1TSQpaU3RxV2NiSDg3Um81RUhZM0h4MXFxUmlpRGc2dFl2QjE4YWdJemxnVDBObEluTStTNmJHeVlzL3ZKRmVOQ3FECjdJVmkydjBTaXFhbkRxS0poSDR0SW1WVktBRFJvbTVxaytyeC9DWFpuRWdhZTNOdGFZckJsODhRbUo5SXI5ODkKOVR1Z3h4V1RRUy83cWtYbmk4b1ZQbHYwbzZ5R1lrekNtVEhSNzYwU3lhUWpVVGt2cHVaTzAvYytTckRIcjZsSQpFc1phM1gyRkFranpYSzFMeWZYS2RUY2NUOGUvMEhFNUVTbGNzNFA2NzVRakovWHdVTHZWMWUrMnFzWT0KLS0tLS1FTkQgQ0VSVElGSUNBVEUtLS0tLQo=\n  name: kubernetes\ncontexts:\n- context:\n    cluster: kubernetes\n    user: aws\n  name: aws\ncurrent-context: aws\nkind: Config\npreferences: {}\nusers:\n- name: aws\n  user:\n    exec:\n      apiVersion: client.authentication.k8s.io/v1alpha1\n      command: aws-iam-authenticator\n      args:\n        - \"token\"\n        - \"-i\"\n        - \"terraform-eks-demo\"\n",
      "type": "string"
    }
  },
  "resources": [
    {
      "mode": "data",
      "type": "aws_availability_zones",
      "name": "available",
      "provider": "provider.aws",
      "instances": [
        {
          "schema_version": 0,
          "attributes": {
            "blacklisted_names": null,
            "blacklisted_zone_ids": null,
            "id": "2019-11-18 22:05:06.184263 +0000 UTC",
            "names": [
              "us-west-2a",
              "us-west-2b",
              "us-west-2c",
              "us-west-2d"
            ],
            "state": null,
            "zone_ids": [
              "usw2-az1",
              "usw2-az2",
              "usw2-az3",
              "usw2-az4"
            ]
          }
        }
      ]
    },
    {
      "mode": "data",
      "type": "aws_region",
      "name": "current",
      "provider": "provider.aws",
      "instances": [
        {
          "schema_version": 0,
          "attributes": {
            "current": null,
            "description": "US West (Oregon)",
            "endpoint": "ec2.us-west-2.amazonaws.com",
            "id": "us-west-2",
            "name": "us-west-2"
          }
        }
      ]
    },
    {
      "mode": "data",
      "type": "http",
      "name": "workstation-external-ip",
      "provider": "provider.http",
      "instances": [
        {
          "schema_version": 0,
          "attributes": {
            "body": "173.49.54.8\n",
            "id": "2019-11-18 22:05:04.46604 +0000 UTC",
            "request_headers": null,
            "url": "http://ipv4.icanhazip.com"
          }
        }
      ]
    },
    {
      "mode": "managed",
      "type": "aws_eks_cluster",
      "name": "demo",
      "provider": "provider.aws",
      "instances": [
        {
          "schema_version": 0,
          "attributes": {
            "arn": "arn:aws:eks:us-west-2:067819342479:cluster/terraform-eks-demo",
            "certificate_authority": [
              {
                "data": "LS0tLS1CRUdJTiBDRVJUSUZJQ0FURS0tLS0tCk1JSUN5RENDQWJDZ0F3SUJBZ0lCQURBTkJna3Foa2lHOXcwQkFRc0ZBREFWTVJNd0VRWURWUVFERXdwcmRXSmwKY201bGRHVnpNQjRYRFRFNU1URXhPREl5TVRJd09Wb1hEVEk1TVRFeE5USXlNVEl3T1Zvd0ZURVRNQkVHQTFVRQpBeE1LYTNWaVpYSnVaWFJsY3pDQ0FTSXdEUVlKS29aSWh2Y05BUUVCQlFBRGdnRVBBRENDQVFvQ2dnRUJBTE42ClltelRGUmJjTmdBaENWRWRuTGllZ3A1amJITnoyMFhRQWNKVmorSXZqeTFHdG1Ubi9pWGxCMTVWWVFsNS9vYW0KTS84NTNZZ1NkL2k4akNLaWw4Z2hFVVgvaUlPWGJFWkFjNmx6R0Z1eGhiTkg3dGhFM25PdVhjaUpONlhrRjJuNQpPQnAyWXhGeHJxR2x5V1NtbVd0Z2s2V3pUUGE3Y3A4MGhkK1RVQUdnWkRyYnY4U1NjeXdscWdneDEyVlg1RU9zCnRjWThkSG5JYjU3N3FJTEZ4Q3RucUhEb2Q0UFdCWGIzaWV2Z3ZlOG5YOUpra0xxeE5La1loTGRoNytQZDZRaVkKMFQ5UXhVbThjWjJsM2FxMHRSMnkyaTFsOGFUTndHL3Bybi9lN0tFZWxKYWxMWVJGRWk3OXk2bVJiMDlhS0xTbgpNUnRkdW5NRWVvT2VBZmRhbks4Q0F3RUFBYU1qTUNFd0RnWURWUjBQQVFIL0JBUURBZ0trTUE4R0ExVWRFd0VCCi93UUZNQU1CQWY4d0RRWUpLb1pJaHZjTkFRRUxCUUFEZ2dFQkFGR1JIUnp4Zk5RUm5nWGtnUG5tK0tUK1hzYy8KZUwxQmgzTTAzb2l6UmFxZjFNVTVJN2YwSGNMNTFkUG9FNkxsaTVJaDgrZWVrSFFGQzk2V2Q5RzY5SmdSeW1TSQpaU3RxV2NiSDg3Um81RUhZM0h4MXFxUmlpRGc2dFl2QjE4YWdJemxnVDBObEluTStTNmJHeVlzL3ZKRmVOQ3FECjdJVmkydjBTaXFhbkRxS0poSDR0SW1WVktBRFJvbTVxaytyeC9DWFpuRWdhZTNOdGFZckJsODhRbUo5SXI5ODkKOVR1Z3h4V1RRUy83cWtYbmk4b1ZQbHYwbzZ5R1lrekNtVEhSNzYwU3lhUWpVVGt2cHVaTzAvYytTckRIcjZsSQpFc1phM1gyRkFranpYSzFMeWZYS2RUY2NUOGUvMEhFNUVTbGNzNFA2NzVRakovWHdVTHZWMWUrMnFzWT0KLS0tLS1FTkQgQ0VSVElGSUNBVEUtLS0tLQo="
              }
            ],
            "created_at": "2019-11-18 22:05:27 +0000 UTC",
            "enabled_cluster_log_types": null,
            "endpoint": "https://BA6EC82B413878175A281F16B7FFEA96.gr7.us-west-2.eks.amazonaws.com",
            "id": "terraform-eks-demo",
            "identity": [
              {
                "oidc": [
                  {
                    "issuer": "https://oidc.eks.us-west-2.amazonaws.com/id/BA6EC82B413878175A281F16B7FFEA96"
                  }
                ]
              }
            ],
            "name": "terraform-eks-demo",
            "platform_version": "eks.3",
            "role_arn": "arn:aws:iam::067819342479:role/terraform-eks-demo-cluster",
            "status": "ACTIVE",
            "tags": null,
            "timeouts": null,
            "version": "1.14",
            "vpc_config": [
              {
                "endpoint_private_access": false,
                "endpoint_public_access": true,
                "security_group_ids": [
                  "sg-02af7f0f81f666a5d"
                ],
                "subnet_ids": [
                  "subnet-012a97772ef74ccf5",
                  "subnet-0bc6b10657b520faa"
                ],
                "vpc_id": "vpc-0f55ce52148915f71"
              }
            ]
          },
          "private": "eyJlMmJmYjczMC1lY2FhLTExZTYtOGY4OC0zNDM2M2JjN2M0YzAiOnsiY3JlYXRlIjoxODAwMDAwMDAwMDAwLCJkZWxldGUiOjkwMDAwMDAwMDAwMCwidXBkYXRlIjozNjAwMDAwMDAwMDAwfX0=",
          "depends_on": [
            "aws_iam_role.demo-cluster",
            "aws_iam_role_policy_attachment.demo-cluster-AmazonEKSClusterPolicy",
            "aws_iam_role_policy_attachment.demo-cluster-AmazonEKSServicePolicy",
            "aws_security_group.demo-cluster",
            "aws_subnet.demo"
          ]
        }
      ]
    },
    {
      "mode": "managed",
      "type": "aws_eks_node_group",
      "name": "demo",
      "provider": "provider.aws",
      "instances": [
        {
          "schema_version": 0,
          "attributes": {
            "ami_type": "AL2_x86_64",
            "arn": "arn:aws:eks:us-west-2:067819342479:nodegroup/terraform-eks-demo/demo/e2b7404a-4f74-8328-95ea-52c0f45fd963",
            "cluster_name": "terraform-eks-demo",
            "disk_size": 20,
            "id": "terraform-eks-demo:demo",
            "instance_types": [
              "t3.medium"
            ],
            "labels": null,
            "node_group_name": "demo",
            "node_role_arn": "arn:aws:iam::067819342479:role/terraform-eks-demo-node",
            "release_version": "1.14.7-20190927",
            "remote_access": [],
            "resources": [
              {
                "autoscaling_groups": [
                  {
                    "name": "eks-e2b7404a-4f74-8328-95ea-52c0f45fd963"
                  }
                ],
                "remote_access_security_group_id": ""
              }
            ],
            "scaling_config": [
              {
                "desired_size": 1,
                "max_size": 1,
                "min_size": 1
              }
            ],
            "status": "ACTIVE",
            "subnet_ids": [
              "subnet-012a97772ef74ccf5",
              "subnet-0bc6b10657b520faa"
            ],
            "tags": null,
            "timeouts": null,
            "version": "1.14"
          },
          "private": "eyJlMmJmYjczMC1lY2FhLTExZTYtOGY4OC0zNDM2M2JjN2M0YzAiOnsiY3JlYXRlIjozNjAwMDAwMDAwMDAwLCJkZWxldGUiOjM2MDAwMDAwMDAwMDAsInVwZGF0ZSI6MzYwMDAwMDAwMDAwMH19",
          "depends_on": [
            "aws_eks_cluster.demo",
            "aws_iam_role.demo-node",
            "aws_iam_role_policy_attachment.demo-node-AmazonEC2ContainerRegistryReadOnly",
            "aws_iam_role_policy_attachment.demo-node-AmazonEKSWorkerNodePolicy",
            "aws_iam_role_policy_attachment.demo-node-AmazonEKS_CNI_Policy",
            "aws_subnet.demo"
          ]
        }
      ]
    },
    {
      "mode": "managed",
      "type": "aws_iam_role",
      "name": "demo-cluster",
      "provider": "provider.aws",
      "instances": [
        {
          "schema_version": 0,
          "attributes": {
            "arn": "arn:aws:iam::067819342479:role/terraform-eks-demo-cluster",
            "assume_role_policy": "{\"Version\":\"2012-10-17\",\"Statement\":[{\"Effect\":\"Allow\",\"Principal\":{\"Service\":\"eks.amazonaws.com\"},\"Action\":\"sts:AssumeRole\"}]}",
            "create_date": "2019-11-18T22:05:15Z",
            "description": "",
            "force_detach_policies": false,
            "id": "terraform-eks-demo-cluster",
            "max_session_duration": 3600,
            "name": "terraform-eks-demo-cluster",
            "name_prefix": null,
            "path": "/",
            "permissions_boundary": null,
            "tags": null,
            "unique_id": "AROAQ7SSZBKH6NHIXCLO7"
          },
          "private": "bnVsbA=="
        }
      ]
    },
    {
      "mode": "managed",
      "type": "aws_iam_role",
      "name": "demo-node",
      "provider": "provider.aws",
      "instances": [
        {
          "schema_version": 0,
          "attributes": {
            "arn": "arn:aws:iam::067819342479:role/terraform-eks-demo-node",
            "assume_role_policy": "{\"Version\":\"2012-10-17\",\"Statement\":[{\"Effect\":\"Allow\",\"Principal\":{\"Service\":\"ec2.amazonaws.com\"},\"Action\":\"sts:AssumeRole\"}]}",
            "create_date": "2019-11-18T22:05:15Z",
            "description": "",
            "force_detach_policies": false,
            "id": "terraform-eks-demo-node",
            "max_session_duration": 3600,
            "name": "terraform-eks-demo-node",
            "name_prefix": null,
            "path": "/",
            "permissions_boundary": null,
            "tags": null,
            "unique_id": "AROAQ7SSZBKH5TTNGS77Z"
          },
          "private": "bnVsbA=="
        }
      ]
    },
    {
      "mode": "managed",
      "type": "aws_iam_role_policy_attachment",
      "name": "demo-cluster-AmazonEKSClusterPolicy",
      "provider": "provider.aws",
      "instances": [
        {
          "schema_version": 0,
          "attributes": {
            "id": "terraform-eks-demo-cluster-20191118220515674700000004",
            "policy_arn": "arn:aws:iam::aws:policy/AmazonEKSClusterPolicy",
            "role": "terraform-eks-demo-cluster"
          },
          "private": "bnVsbA==",
          "depends_on": [
            "aws_iam_role.demo-cluster"
          ]
        }
      ]
    },
    {
      "mode": "managed",
      "type": "aws_iam_role_policy_attachment",
      "name": "demo-cluster-AmazonEKSServicePolicy",
      "provider": "provider.aws",
      "instances": [
        {
          "schema_version": 0,
          "attributes": {
            "id": "terraform-eks-demo-cluster-20191118220515680200000005",
            "policy_arn": "arn:aws:iam::aws:policy/AmazonEKSServicePolicy",
            "role": "terraform-eks-demo-cluster"
          },
          "private": "bnVsbA==",
          "depends_on": [
            "aws_iam_role.demo-cluster"
          ]
        }
      ]
    },
    {
      "mode": "managed",
      "type": "aws_iam_role_policy_attachment",
      "name": "demo-node-AmazonEC2ContainerRegistryReadOnly",
      "provider": "provider.aws",
      "instances": [
        {
          "schema_version": 0,
          "attributes": {
            "id": "terraform-eks-demo-node-20191118220515655400000002",
            "policy_arn": "arn:aws:iam::aws:policy/AmazonEC2ContainerRegistryReadOnly",
            "role": "terraform-eks-demo-node"
          },
          "private": "bnVsbA==",
          "depends_on": [
            "aws_iam_role.demo-node"
          ]
        }
      ]
    },
    {
      "mode": "managed",
      "type": "aws_iam_role_policy_attachment",
      "name": "demo-node-AmazonEKSWorkerNodePolicy",
      "provider": "provider.aws",
      "instances": [
        {
          "schema_version": 0,
          "attributes": {
            "id": "terraform-eks-demo-node-20191118220515650200000001",
            "policy_arn": "arn:aws:iam::aws:policy/AmazonEKSWorkerNodePolicy",
            "role": "terraform-eks-demo-node"
          },
          "private": "bnVsbA==",
          "depends_on": [
            "aws_iam_role.demo-node"
          ]
        }
      ]
    },
    {
      "mode": "managed",
      "type": "aws_iam_role_policy_attachment",
      "name": "demo-node-AmazonEKS_CNI_Policy",
      "provider": "provider.aws",
      "instances": [
        {
          "schema_version": 0,
          "attributes": {
            "id": "terraform-eks-demo-node-20191118220515658000000003",
            "policy_arn": "arn:aws:iam::aws:policy/AmazonEKS_CNI_Policy",
            "role": "terraform-eks-demo-node"
          },
          "private": "bnVsbA==",
          "depends_on": [
            "aws_iam_role.demo-node"
          ]
        }
      ]
    },
    {
      "mode": "managed",
      "type": "aws_internet_gateway",
      "name": "demo",
      "provider": "provider.aws",
      "instances": [
        {
          "schema_version": 0,
          "attributes": {
            "id": "igw-0784bd68b6adc3d24",
            "owner_id": "067819342479",
            "tags": {
              "Name": "terraform-eks-demo"
            },
            "vpc_id": "vpc-0f55ce52148915f71"
          },
          "private": "bnVsbA==",
          "depends_on": [
            "aws_vpc.demo"
          ]
        }
      ]
    },
    {
      "mode": "managed",
      "type": "aws_route_table",
      "name": "demo",
      "provider": "provider.aws",
      "instances": [
        {
          "schema_version": 0,
          "attributes": {
            "id": "rtb-04e16dc889f68987e",
            "owner_id": "067819342479",
            "propagating_vgws": [],
            "route": [
              {
                "cidr_block": "0.0.0.0/0",
                "egress_only_gateway_id": "",
                "gateway_id": "igw-0784bd68b6adc3d24",
                "instance_id": "",
                "ipv6_cidr_block": "",
                "nat_gateway_id": "",
                "network_interface_id": "",
                "transit_gateway_id": "",
                "vpc_peering_connection_id": ""
              }
            ],
            "tags": null,
            "vpc_id": "vpc-0f55ce52148915f71"
          },
          "private": "bnVsbA==",
          "depends_on": [
            "aws_internet_gateway.demo",
            "aws_vpc.demo"
          ]
        }
      ]
    },
    {
      "mode": "managed",
      "type": "aws_route_table_association",
      "name": "demo",
      "each": "list",
      "provider": "provider.aws",
      "instances": [
        {
          "index_key": 0,
          "schema_version": 0,
          "attributes": {
            "id": "rtbassoc-0304933cbc2fdbec3",
            "route_table_id": "rtb-04e16dc889f68987e",
            "subnet_id": "subnet-012a97772ef74ccf5"
          },
          "private": "bnVsbA==",
          "depends_on": [
            "aws_route_table.demo",
            "aws_subnet.demo"
          ]
        },
        {
          "index_key": 1,
          "schema_version": 0,
          "attributes": {
            "id": "rtbassoc-057e85e75425d0b60",
            "route_table_id": "rtb-04e16dc889f68987e",
            "subnet_id": "subnet-0bc6b10657b520faa"
          },
          "private": "bnVsbA==",
          "depends_on": [
            "aws_route_table.demo",
            "aws_subnet.demo"
          ]
        }
      ]
    },
    {
      "mode": "managed",
      "type": "aws_security_group",
      "name": "demo-cluster",
      "provider": "provider.aws",
      "instances": [
        {
          "schema_version": 1,
          "attributes": {
            "arn": "arn:aws:ec2:us-west-2:067819342479:security-group/sg-02af7f0f81f666a5d",
            "description": "Cluster communication with worker nodes",
            "egress": [
              {
                "cidr_blocks": [
                  "0.0.0.0/0"
                ],
                "description": "",
                "from_port": 0,
                "ipv6_cidr_blocks": [],
                "prefix_list_ids": [],
                "protocol": "-1",
                "security_groups": [],
                "self": false,
                "to_port": 0
              }
            ],
            "id": "sg-02af7f0f81f666a5d",
            "ingress": [],
            "name": "terraform-eks-demo-cluster",
            "name_prefix": null,
            "owner_id": "067819342479",
            "revoke_rules_on_delete": false,
            "tags": {
              "Name": "terraform-eks-demo"
            },
            "timeouts": null,
            "vpc_id": "vpc-0f55ce52148915f71"
          },
          "private": "eyJlMmJmYjczMC1lY2FhLTExZTYtOGY4OC0zNDM2M2JjN2M0YzAiOnsiY3JlYXRlIjo2MDAwMDAwMDAwMDAsImRlbGV0ZSI6NjAwMDAwMDAwMDAwfSwic2NoZW1hX3ZlcnNpb24iOiIxIn0=",
          "depends_on": [
            "aws_vpc.demo"
          ]
        }
      ]
    },
    {
      "mode": "managed",
      "type": "aws_security_group_rule",
      "name": "demo-cluster-ingress-workstation-https",
      "provider": "provider.aws",
      "instances": [
        {
          "schema_version": 2,
          "attributes": {
            "cidr_blocks": [
              "173.49.54.8/32"
            ],
            "description": "Allow workstation to communicate with the cluster API Server",
            "from_port": 443,
            "id": "sgrule-1867652695",
            "ipv6_cidr_blocks": null,
            "prefix_list_ids": null,
            "protocol": "tcp",
            "security_group_id": "sg-02af7f0f81f666a5d",
            "self": false,
            "source_security_group_id": null,
            "to_port": 443,
            "type": "ingress"
          },
          "private": "eyJzY2hlbWFfdmVyc2lvbiI6IjIifQ==",
          "depends_on": [
            "aws_security_group.demo-cluster"
          ]
        }
      ]
    },
    {
      "mode": "managed",
      "type": "aws_subnet",
      "name": "demo",
      "each": "list",
      "provider": "provider.aws",
      "instances": [
        {
          "index_key": 0,
          "schema_version": 1,
          "attributes": {
            "arn": "arn:aws:ec2:us-west-2:067819342479:subnet/subnet-012a97772ef74ccf5",
            "assign_ipv6_address_on_creation": false,
            "availability_zone": "us-west-2a",
            "availability_zone_id": "usw2-az1",
            "cidr_block": "10.0.0.0/24",
            "id": "subnet-012a97772ef74ccf5",
            "ipv6_cidr_block": "",
            "ipv6_cidr_block_association_id": "",
            "map_public_ip_on_launch": false,
            "owner_id": "067819342479",
            "tags": {
              "Name": "terraform-eks-demo-node",
              "kubernetes.io/cluster/terraform-eks-demo": "shared"
            },
            "timeouts": null,
            "vpc_id": "vpc-0f55ce52148915f71"
          },
          "private": "eyJlMmJmYjczMC1lY2FhLTExZTYtOGY4OC0zNDM2M2JjN2M0YzAiOnsiY3JlYXRlIjo2MDAwMDAwMDAwMDAsImRlbGV0ZSI6MTIwMDAwMDAwMDAwMH0sInNjaGVtYV92ZXJzaW9uIjoiMSJ9",
          "depends_on": [
            "aws_vpc.demo",
            "data.aws_availability_zones.available"
          ]
        },
        {
          "index_key": 1,
          "schema_version": 1,
          "attributes": {
            "arn": "arn:aws:ec2:us-west-2:067819342479:subnet/subnet-0bc6b10657b520faa",
            "assign_ipv6_address_on_creation": false,
            "availability_zone": "us-west-2b",
            "availability_zone_id": "usw2-az2",
            "cidr_block": "10.0.1.0/24",
            "id": "subnet-0bc6b10657b520faa",
            "ipv6_cidr_block": "",
            "ipv6_cidr_block_association_id": "",
            "map_public_ip_on_launch": false,
            "owner_id": "067819342479",
            "tags": {
              "Name": "terraform-eks-demo-node",
              "kubernetes.io/cluster/terraform-eks-demo": "shared"
            },
            "timeouts": null,
            "vpc_id": "vpc-0f55ce52148915f71"
          },
          "private": "eyJlMmJmYjczMC1lY2FhLTExZTYtOGY4OC0zNDM2M2JjN2M0YzAiOnsiY3JlYXRlIjo2MDAwMDAwMDAwMDAsImRlbGV0ZSI6MTIwMDAwMDAwMDAwMH0sInNjaGVtYV92ZXJzaW9uIjoiMSJ9",
          "depends_on": [
            "aws_vpc.demo",
            "data.aws_availability_zones.available"
          ]
        }
      ]
    },
    {
      "mode": "managed",
      "type": "aws_vpc",
      "name": "demo",
      "provider": "provider.aws",
      "instances": [
        {
          "schema_version": 1,
          "attributes": {
            "arn": "arn:aws:ec2:us-west-2:067819342479:vpc/vpc-0f55ce52148915f71",
            "assign_generated_ipv6_cidr_block": false,
            "cidr_block": "10.0.0.0/16",
            "default_network_acl_id": "acl-0e920e2f3a63cc3b2",
            "default_route_table_id": "rtb-05d2ea0521241d91c",
            "default_security_group_id": "sg-09c77b9c125fe5918",
            "dhcp_options_id": "dopt-df8636bb",
            "enable_classiclink": false,
            "enable_classiclink_dns_support": false,
            "enable_dns_hostnames": false,
            "enable_dns_support": true,
            "id": "vpc-0f55ce52148915f71",
            "instance_tenancy": "default",
            "ipv6_association_id": "",
            "ipv6_cidr_block": "",
            "main_route_table_id": "rtb-05d2ea0521241d91c",
            "owner_id": "067819342479",
            "tags": {
              "Name": "terraform-eks-demo-node",
              "kubernetes.io/cluster/terraform-eks-demo": "shared"
            }
          },
          "private": "eyJzY2hlbWFfdmVyc2lvbiI6IjEifQ=="
        }
      ]
    }
  ]
}
